// !$*UTF8*$!
{
	archiveVersion = 1;
	classes = {
	};
	objectVersion = 50;
	objects = {

/* Begin PBXBuildFile section */
		BA0467B72642161A00156AB5 /* AudioTestApp.swift in Sources */ = {isa = PBXBuildFile; fileRef = BA0467B62642161A00156AB5 /* AudioTestApp.swift */; };
		BA0467B92642161A00156AB5 /* ContentView.swift in Sources */ = {isa = PBXBuildFile; fileRef = BA0467B82642161A00156AB5 /* ContentView.swift */; };
		BA0467BB2642161C00156AB5 /* Assets.xcassets in Resources */ = {isa = PBXBuildFile; fileRef = BA0467BA2642161C00156AB5 /* Assets.xcassets */; };
		BA0467BE2642161C00156AB5 /* Preview Assets.xcassets in Resources */ = {isa = PBXBuildFile; fileRef = BA0467BD2642161C00156AB5 /* Preview Assets.xcassets */; };
		BA0467C02642161C00156AB5 /* Persistence.swift in Sources */ = {isa = PBXBuildFile; fileRef = BA0467BF2642161C00156AB5 /* Persistence.swift */; };
		BA0467C32642161C00156AB5 /* AudioTest.xcdatamodeld in Sources */ = {isa = PBXBuildFile; fileRef = BA0467C12642161C00156AB5 /* AudioTest.xcdatamodeld */; };
		BA0467CE2642161C00156AB5 /* AudioTestTests.swift in Sources */ = {isa = PBXBuildFile; fileRef = BA0467CD2642161C00156AB5 /* AudioTestTests.swift */; };
		BA0467D92642161C00156AB5 /* AudioTestUITests.swift in Sources */ = {isa = PBXBuildFile; fileRef = BA0467D82642161C00156AB5 /* AudioTestUITests.swift */; };
/* End PBXBuildFile section */

/* Begin PBXContainerItemProxy section */
		BA0467CA2642161C00156AB5 /* PBXContainerItemProxy */ = {
			isa = PBXContainerItemProxy;
			containerPortal = BA0467AB2642161A00156AB5 /* Project object */;
			proxyType = 1;
			remoteGlobalIDString = BA0467B22642161A00156AB5;
			remoteInfo = AudioTest;
		};
		BA0467D52642161C00156AB5 /* PBXContainerItemProxy */ = {
			isa = PBXContainerItemProxy;
			containerPortal = BA0467AB2642161A00156AB5 /* Project object */;
			proxyType = 1;
			remoteGlobalIDString = BA0467B22642161A00156AB5;
			remoteInfo = AudioTest;
		};
/* End PBXContainerItemProxy section */

/* Begin PBXFileReference section */
		BA0467B32642161A00156AB5 /* AudioTest.app */ = {isa = PBXFileReference; explicitFileType = wrapper.application; includeInIndex = 0; path = AudioTest.app; sourceTree = BUILT_PRODUCTS_DIR; };
		BA0467B62642161A00156AB5 /* AudioTestApp.swift */ = {isa = PBXFileReference; lastKnownFileType = sourcecode.swift; path = AudioTestApp.swift; sourceTree = "<group>"; };
		BA0467B82642161A00156AB5 /* ContentView.swift */ = {isa = PBXFileReference; lastKnownFileType = sourcecode.swift; path = ContentView.swift; sourceTree = "<group>"; };
		BA0467BA2642161C00156AB5 /* Assets.xcassets */ = {isa = PBXFileReference; lastKnownFileType = folder.assetcatalog; path = Assets.xcassets; sourceTree = "<group>"; };
		BA0467BD2642161C00156AB5 /* Preview Assets.xcassets */ = {isa = PBXFileReference; lastKnownFileType = folder.assetcatalog; path = "Preview Assets.xcassets"; sourceTree = "<group>"; };
		BA0467BF2642161C00156AB5 /* Persistence.swift */ = {isa = PBXFileReference; lastKnownFileType = sourcecode.swift; path = Persistence.swift; sourceTree = "<group>"; };
		BA0467C22642161C00156AB5 /* AudioTest.xcdatamodel */ = {isa = PBXFileReference; lastKnownFileType = wrapper.xcdatamodel; path = AudioTest.xcdatamodel; sourceTree = "<group>"; };
		BA0467C42642161C00156AB5 /* Info.plist */ = {isa = PBXFileReference; lastKnownFileType = text.plist.xml; path = Info.plist; sourceTree = "<group>"; };
		BA0467C92642161C00156AB5 /* AudioTestTests.xctest */ = {isa = PBXFileReference; explicitFileType = wrapper.cfbundle; includeInIndex = 0; path = AudioTestTests.xctest; sourceTree = BUILT_PRODUCTS_DIR; };
		BA0467CD2642161C00156AB5 /* AudioTestTests.swift */ = {isa = PBXFileReference; lastKnownFileType = sourcecode.swift; path = AudioTestTests.swift; sourceTree = "<group>"; };
		BA0467CF2642161C00156AB5 /* Info.plist */ = {isa = PBXFileReference; lastKnownFileType = text.plist.xml; path = Info.plist; sourceTree = "<group>"; };
		BA0467D42642161C00156AB5 /* AudioTestUITests.xctest */ = {isa = PBXFileReference; explicitFileType = wrapper.cfbundle; includeInIndex = 0; path = AudioTestUITests.xctest; sourceTree = BUILT_PRODUCTS_DIR; };
		BA0467D82642161C00156AB5 /* AudioTestUITests.swift */ = {isa = PBXFileReference; lastKnownFileType = sourcecode.swift; path = AudioTestUITests.swift; sourceTree = "<group>"; };
		BA0467DA2642161C00156AB5 /* Info.plist */ = {isa = PBXFileReference; lastKnownFileType = text.plist.xml; path = Info.plist; sourceTree = "<group>"; };
/* End PBXFileReference section */

/* Begin PBXFrameworksBuildPhase section */
		BA0467B02642161A00156AB5 /* Frameworks */ = {
			isa = PBXFrameworksBuildPhase;
			buildActionMask = 2147483647;
			files = (
			);
			runOnlyForDeploymentPostprocessing = 0;
		};
		BA0467C62642161C00156AB5 /* Frameworks */ = {
			isa = PBXFrameworksBuildPhase;
			buildActionMask = 2147483647;
			files = (
			);
			runOnlyForDeploymentPostprocessing = 0;
		};
		BA0467D12642161C00156AB5 /* Frameworks */ = {
			isa = PBXFrameworksBuildPhase;
			buildActionMask = 2147483647;
			files = (
			);
			runOnlyForDeploymentPostprocessing = 0;
		};
/* End PBXFrameworksBuildPhase section */

/* Begin PBXGroup section */
		BA0467AA2642161A00156AB5 = {
			isa = PBXGroup;
			children = (
				BA0467B52642161A00156AB5 /* AudioTest */,
				BA0467CC2642161C00156AB5 /* AudioTestTests */,
				BA0467D72642161C00156AB5 /* AudioTestUITests */,
				BA0467B42642161A00156AB5 /* Products */,
			);
			sourceTree = "<group>";
		};
		BA0467B42642161A00156AB5 /* Products */ = {
			isa = PBXGroup;
			children = (
				BA0467B32642161A00156AB5 /* AudioTest.app */,
				BA0467C92642161C00156AB5 /* AudioTestTests.xctest */,
				BA0467D42642161C00156AB5 /* AudioTestUITests.xctest */,
			);
			name = Products;
			sourceTree = "<group>";
		};
		BA0467B52642161A00156AB5 /* AudioTest */ = {
			isa = PBXGroup;
			children = (
				BA0467B62642161A00156AB5 /* AudioTestApp.swift */,
				BA0467B82642161A00156AB5 /* ContentView.swift */,
				BA0467BA2642161C00156AB5 /* Assets.xcassets */,
				BA0467BF2642161C00156AB5 /* Persistence.swift */,
				BA0467C42642161C00156AB5 /* Info.plist */,
				BA0467C12642161C00156AB5 /* AudioTest.xcdatamodeld */,
				BA0467BC2642161C00156AB5 /* Preview Content */,
			);
			path = AudioTest;
			sourceTree = "<group>";
		};
		BA0467BC2642161C00156AB5 /* Preview Content */ = {
			isa = PBXGroup;
			children = (
				BA0467BD2642161C00156AB5 /* Preview Assets.xcassets */,
			);
			path = "Preview Content";
			sourceTree = "<group>";
		};
		BA0467CC2642161C00156AB5 /* AudioTestTests */ = {
			isa = PBXGroup;
			children = (
				BA0467CD2642161C00156AB5 /* AudioTestTests.swift */,
				BA0467CF2642161C00156AB5 /* Info.plist */,
			);
			path = AudioTestTests;
			sourceTree = "<group>";
		};
		BA0467D72642161C00156AB5 /* AudioTestUITests */ = {
			isa = PBXGroup;
			children = (
				BA0467D82642161C00156AB5 /* AudioTestUITests.swift */,
				BA0467DA2642161C00156AB5 /* Info.plist */,
			);
			path = AudioTestUITests;
			sourceTree = "<group>";
		};
/* End PBXGroup section */

/* Begin PBXNativeTarget section */
		BA0467B22642161A00156AB5 /* AudioTest */ = {
			isa = PBXNativeTarget;
			buildConfigurationList = BA0467DD2642161C00156AB5 /* Build configuration list for PBXNativeTarget "AudioTest" */;
			buildPhases = (
				BA0467AF2642161A00156AB5 /* Sources */,
				BA0467B02642161A00156AB5 /* Frameworks */,
				BA0467B12642161A00156AB5 /* Resources */,
			);
			buildRules = (
			);
			dependencies = (
			);
			name = AudioTest;
			productName = AudioTest;
			productReference = BA0467B32642161A00156AB5 /* AudioTest.app */;
			productType = "com.apple.product-type.application";
		};
		BA0467C82642161C00156AB5 /* AudioTestTests */ = {
			isa = PBXNativeTarget;
			buildConfigurationList = BA0467E02642161C00156AB5 /* Build configuration list for PBXNativeTarget "AudioTestTests" */;
			buildPhases = (
				BA0467C52642161C00156AB5 /* Sources */,
				BA0467C62642161C00156AB5 /* Frameworks */,
				BA0467C72642161C00156AB5 /* Resources */,
			);
			buildRules = (
			);
			dependencies = (
				BA0467CB2642161C00156AB5 /* PBXTargetDependency */,
			);
			name = AudioTestTests;
			productName = AudioTestTests;
			productReference = BA0467C92642161C00156AB5 /* AudioTestTests.xctest */;
			productType = "com.apple.product-type.bundle.unit-test";
		};
		BA0467D32642161C00156AB5 /* AudioTestUITests */ = {
			isa = PBXNativeTarget;
			buildConfigurationList = BA0467E32642161C00156AB5 /* Build configuration list for PBXNativeTarget "AudioTestUITests" */;
			buildPhases = (
				BA0467D02642161C00156AB5 /* Sources */,
				BA0467D12642161C00156AB5 /* Frameworks */,
				BA0467D22642161C00156AB5 /* Resources */,
			);
			buildRules = (
			);
			dependencies = (
				BA0467D62642161C00156AB5 /* PBXTargetDependency */,
			);
			name = AudioTestUITests;
			productName = AudioTestUITests;
			productReference = BA0467D42642161C00156AB5 /* AudioTestUITests.xctest */;
			productType = "com.apple.product-type.bundle.ui-testing";
		};
/* End PBXNativeTarget section */

/* Begin PBXProject section */
		BA0467AB2642161A00156AB5 /* Project object */ = {
			isa = PBXProject;
			attributes = {
				LastSwiftUpdateCheck = 1240;
				LastUpgradeCheck = 1240;
				TargetAttributes = {
					BA0467B22642161A00156AB5 = {
						CreatedOnToolsVersion = 12.4;
					};
					BA0467C82642161C00156AB5 = {
						CreatedOnToolsVersion = 12.4;
						TestTargetID = BA0467B22642161A00156AB5;
					};
					BA0467D32642161C00156AB5 = {
						CreatedOnToolsVersion = 12.4;
						TestTargetID = BA0467B22642161A00156AB5;
					};
				};
			};
			buildConfigurationList = BA0467AE2642161A00156AB5 /* Build configuration list for PBXProject "AudioTest" */;
			compatibilityVersion = "Xcode 9.3";
			developmentRegion = en;
			hasScannedForEncodings = 0;
			knownRegions = (
				en,
				Base,
			);
			mainGroup = BA0467AA2642161A00156AB5;
			productRefGroup = BA0467B42642161A00156AB5 /* Products */;
			projectDirPath = "";
			projectRoot = "";
			targets = (
				BA0467B22642161A00156AB5 /* AudioTest */,
				BA0467C82642161C00156AB5 /* AudioTestTests */,
				BA0467D32642161C00156AB5 /* AudioTestUITests */,
			);
		};
/* End PBXProject section */

/* Begin PBXResourcesBuildPhase section */
		BA0467B12642161A00156AB5 /* Resources */ = {
			isa = PBXResourcesBuildPhase;
			buildActionMask = 2147483647;
			files = (
				BA0467BE2642161C00156AB5 /* Preview Assets.xcassets in Resources */,
				BA0467BB2642161C00156AB5 /* Assets.xcassets in Resources */,
			);
			runOnlyForDeploymentPostprocessing = 0;
		};
		BA0467C72642161C00156AB5 /* Resources */ = {
			isa = PBXResourcesBuildPhase;
			buildActionMask = 2147483647;
			files = (
			);
			runOnlyForDeploymentPostprocessing = 0;
		};
		BA0467D22642161C00156AB5 /* Resources */ = {
			isa = PBXResourcesBuildPhase;
			buildActionMask = 2147483647;
			files = (
			);
			runOnlyForDeploymentPostprocessing = 0;
		};
/* End PBXResourcesBuildPhase section */

/* Begin PBXSourcesBuildPhase section */
		BA0467AF2642161A00156AB5 /* Sources */ = {
			isa = PBXSourcesBuildPhase;
			buildActionMask = 2147483647;
			files = (
				BA0467C32642161C00156AB5 /* AudioTest.xcdatamodeld in Sources */,
				BA0467C02642161C00156AB5 /* Persistence.swift in Sources */,
				BA0467B92642161A00156AB5 /* ContentView.swift in Sources */,
				BA0467B72642161A00156AB5 /* AudioTestApp.swift in Sources */,
			);
			runOnlyForDeploymentPostprocessing = 0;
		};
		BA0467C52642161C00156AB5 /* Sources */ = {
			isa = PBXSourcesBuildPhase;
			buildActionMask = 2147483647;
			files = (
				BA0467CE2642161C00156AB5 /* AudioTestTests.swift in Sources */,
			);
			runOnlyForDeploymentPostprocessing = 0;
		};
		BA0467D02642161C00156AB5 /* Sources */ = {
			isa = PBXSourcesBuildPhase;
			buildActionMask = 2147483647;
			files = (
				BA0467D92642161C00156AB5 /* AudioTestUITests.swift in Sources */,
			);
			runOnlyForDeploymentPostprocessing = 0;
		};
/* End PBXSourcesBuildPhase section */

/* Begin PBXTargetDependency section */
		BA0467CB2642161C00156AB5 /* PBXTargetDependency */ = {
			isa = PBXTargetDependency;
			target = BA0467B22642161A00156AB5 /* AudioTest */;
			targetProxy = BA0467CA2642161C00156AB5 /* PBXContainerItemProxy */;
		};
		BA0467D62642161C00156AB5 /* PBXTargetDependency */ = {
			isa = PBXTargetDependency;
			target = BA0467B22642161A00156AB5 /* AudioTest */;
			targetProxy = BA0467D52642161C00156AB5 /* PBXContainerItemProxy */;
		};
/* End PBXTargetDependency section */

/* Begin XCBuildConfiguration section */
		BA0467DB2642161C00156AB5 /* Debug */ = {
			isa = XCBuildConfiguration;
			buildSettings = {
				ALWAYS_SEARCH_USER_PATHS = NO;
				CLANG_ANALYZER_NONNULL = YES;
				CLANG_ANALYZER_NUMBER_OBJECT_CONVERSION = YES_AGGRESSIVE;
				CLANG_CXX_LANGUAGE_STANDARD = "gnu++14";
				CLANG_CXX_LIBRARY = "libc++";
				CLANG_ENABLE_MODULES = YES;
				CLANG_ENABLE_OBJC_ARC = YES;
				CLANG_ENABLE_OBJC_WEAK = YES;
				CLANG_WARN_BLOCK_CAPTURE_AUTORELEASING = YES;
				CLANG_WARN_BOOL_CONVERSION = YES;
				CLANG_WARN_COMMA = YES;
				CLANG_WARN_CONSTANT_CONVERSION = YES;
				CLANG_WARN_DEPRECATED_OBJC_IMPLEMENTATIONS = YES;
				CLANG_WARN_DIRECT_OBJC_ISA_USAGE = YES_ERROR;
				CLANG_WARN_DOCUMENTATION_COMMENTS = YES;
				CLANG_WARN_EMPTY_BODY = YES;
				CLANG_WARN_ENUM_CONVERSION = YES;
				CLANG_WARN_INFINITE_RECURSION = YES;
				CLANG_WARN_INT_CONVERSION = YES;
				CLANG_WARN_NON_LITERAL_NULL_CONVERSION = YES;
				CLANG_WARN_OBJC_IMPLICIT_RETAIN_SELF = YES;
				CLANG_WARN_OBJC_LITERAL_CONVERSION = YES;
				CLANG_WARN_OBJC_ROOT_CLASS = YES_ERROR;
				CLANG_WARN_QUOTED_INCLUDE_IN_FRAMEWORK_HEADER = YES;
				CLANG_WARN_RANGE_LOOP_ANALYSIS = YES;
				CLANG_WARN_STRICT_PROTOTYPES = YES;
				CLANG_WARN_SUSPICIOUS_MOVE = YES;
				CLANG_WARN_UNGUARDED_AVAILABILITY = YES_AGGRESSIVE;
				CLANG_WARN_UNREACHABLE_CODE = YES;
				CLANG_WARN__DUPLICATE_METHOD_MATCH = YES;
				COPY_PHASE_STRIP = NO;
				DEBUG_INFORMATION_FORMAT = dwarf;
				ENABLE_STRICT_OBJC_MSGSEND = YES;
				ENABLE_TESTABILITY = YES;
				GCC_C_LANGUAGE_STANDARD = gnu11;
				GCC_DYNAMIC_NO_PIC = NO;
				GCC_NO_COMMON_BLOCKS = YES;
				GCC_OPTIMIZATION_LEVEL = 0;
				GCC_PREPROCESSOR_DEFINITIONS = (
					"DEBUG=1",
					"$(inherited)",
				);
				GCC_WARN_64_TO_32_BIT_CONVERSION = YES;
				GCC_WARN_ABOUT_RETURN_TYPE = YES_ERROR;
				GCC_WARN_UNDECLARED_SELECTOR = YES;
				GCC_WARN_UNINITIALIZED_AUTOS = YES_AGGRESSIVE;
				GCC_WARN_UNUSED_FUNCTION = YES;
				GCC_WARN_UNUSED_VARIABLE = YES;
				IPHONEOS_DEPLOYMENT_TARGET = 14.4;
				MTL_ENABLE_DEBUG_INFO = INCLUDE_SOURCE;
				MTL_FAST_MATH = YES;
				ONLY_ACTIVE_ARCH = YES;
				SDKROOT = iphoneos;
				SWIFT_ACTIVE_COMPILATION_CONDITIONS = DEBUG;
				SWIFT_OPTIMIZATION_LEVEL = "-Onone";
			};
			name = Debug;
		};
		BA0467DC2642161C00156AB5 /* Release */ = {
			isa = XCBuildConfiguration;
			buildSettings = {
				ALWAYS_SEARCH_USER_PATHS = NO;
				CLANG_ANALYZER_NONNULL = YES;
				CLANG_ANALYZER_NUMBER_OBJECT_CONVERSION = YES_AGGRESSIVE;
				CLANG_CXX_LANGUAGE_STANDARD = "gnu++14";
				CLANG_CXX_LIBRARY = "libc++";
				CLANG_ENABLE_MODULES = YES;
				CLANG_ENABLE_OBJC_ARC = YES;
				CLANG_ENABLE_OBJC_WEAK = YES;
				CLANG_WARN_BLOCK_CAPTURE_AUTORELEASING = YES;
				CLANG_WARN_BOOL_CONVERSION = YES;
				CLANG_WARN_COMMA = YES;
				CLANG_WARN_CONSTANT_CONVERSION = YES;
				CLANG_WARN_DEPRECATED_OBJC_IMPLEMENTATIONS = YES;
				CLANG_WARN_DIRECT_OBJC_ISA_USAGE = YES_ERROR;
				CLANG_WARN_DOCUMENTATION_COMMENTS = YES;
				CLANG_WARN_EMPTY_BODY = YES;
				CLANG_WARN_ENUM_CONVERSION = YES;
				CLANG_WARN_INFINITE_RECURSION = YES;
				CLANG_WARN_INT_CONVERSION = YES;
				CLANG_WARN_NON_LITERAL_NULL_CONVERSION = YES;
				CLANG_WARN_OBJC_IMPLICIT_RETAIN_SELF = YES;
				CLANG_WARN_OBJC_LITERAL_CONVERSION = YES;
				CLANG_WARN_OBJC_ROOT_CLASS = YES_ERROR;
				CLANG_WARN_QUOTED_INCLUDE_IN_FRAMEWORK_HEADER = YES;
				CLANG_WARN_RANGE_LOOP_ANALYSIS = YES;
				CLANG_WARN_STRICT_PROTOTYPES = YES;
				CLANG_WARN_SUSPICIOUS_MOVE = YES;
				CLANG_WARN_UNGUARDED_AVAILABILITY = YES_AGGRESSIVE;
				CLANG_WARN_UNREACHABLE_CODE = YES;
				CLANG_WARN__DUPLICATE_METHOD_MATCH = YES;
				COPY_PHASE_STRIP = NO;
				DEBUG_INFORMATION_FORMAT = "dwarf-with-dsym";
				ENABLE_NS_ASSERTIONS = NO;
				ENABLE_STRICT_OBJC_MSGSEND = YES;
				GCC_C_LANGUAGE_STANDARD = gnu11;
				GCC_NO_COMMON_BLOCKS = YES;
				GCC_WARN_64_TO_32_BIT_CONVERSION = YES;
				GCC_WARN_ABOUT_RETURN_TYPE = YES_ERROR;
				GCC_WARN_UNDECLARED_SELECTOR = YES;
				GCC_WARN_UNINITIALIZED_AUTOS = YES_AGGRESSIVE;
				GCC_WARN_UNUSED_FUNCTION = YES;
				GCC_WARN_UNUSED_VARIABLE = YES;
				IPHONEOS_DEPLOYMENT_TARGET = 14.4;
				MTL_ENABLE_DEBUG_INFO = NO;
				MTL_FAST_MATH = YES;
				SDKROOT = iphoneos;
				SWIFT_COMPILATION_MODE = wholemodule;
				SWIFT_OPTIMIZATION_LEVEL = "-O";
				VALIDATE_PRODUCT = YES;
			};
			name = Release;
		};
		BA0467DE2642161C00156AB5 /* Debug */ = {
			isa = XCBuildConfiguration;
			buildSettings = {
				ASSETCATALOG_COMPILER_APPICON_NAME = AppIcon;
				ASSETCATALOG_COMPILER_GLOBAL_ACCENT_COLOR_NAME = AccentColor;
				CODE_SIGN_STYLE = Automatic;
				DEVELOPMENT_ASSET_PATHS = "\"AudioTest/Preview Content\"";
				DEVELOPMENT_TEAM = 642D24FH73;
				ENABLE_PREVIEWS = YES;
				INFOPLIST_FILE = AudioTest/Info.plist;
				IPHONEOS_DEPLOYMENT_TARGET = 14.0;
				LD_RUNPATH_SEARCH_PATHS = (
					"$(inherited)",
					"@executable_path/Frameworks",
				);
				PRODUCT_BUNDLE_IDENTIFIER = Atlas.AudioTest;
				PRODUCT_NAME = "$(TARGET_NAME)";
				SWIFT_VERSION = 5.0;
				TARGETED_DEVICE_FAMILY = "1,2";
			};
			name = Debug;
		};
		BA0467DF2642161C00156AB5 /* Release */ = {
			isa = XCBuildConfiguration;
			buildSettings = {
				ASSETCATALOG_COMPILER_APPICON_NAME = AppIcon;
				ASSETCATALOG_COMPILER_GLOBAL_ACCENT_COLOR_NAME = AccentColor;
				CODE_SIGN_STYLE = Automatic;
				DEVELOPMENT_ASSET_PATHS = "\"AudioTest/Preview Content\"";
				DEVELOPMENT_TEAM = 642D24FH73;
				ENABLE_PREVIEWS = YES;
				INFOPLIST_FILE = AudioTest/Info.plist;
				IPHONEOS_DEPLOYMENT_TARGET = 14.0;
				LD_RUNPATH_SEARCH_PATHS = (
					"$(inherited)",
					"@executable_path/Frameworks",
				);
				PRODUCT_BUNDLE_IDENTIFIER = Atlas.AudioTest;
				PRODUCT_NAME = "$(TARGET_NAME)";
				SWIFT_VERSION = 5.0;
				TARGETED_DEVICE_FAMILY = "1,2";
			};
			name = Release;
		};
		BA0467E12642161C00156AB5 /* Debug */ = {
			isa = XCBuildConfiguration;
			buildSettings = {
				ALWAYS_EMBED_SWIFT_STANDARD_LIBRARIES = YES;
				BUNDLE_LOADER = "$(TEST_HOST)";
				CODE_SIGN_STYLE = Automatic;
				DEVELOPMENT_TEAM = 642D24FH73;
				INFOPLIST_FILE = AudioTestTests/Info.plist;
				IPHONEOS_DEPLOYMENT_TARGET = 14.0;
				LD_RUNPATH_SEARCH_PATHS = (
					"$(inherited)",
					"@executable_path/Frameworks",
					"@loader_path/Frameworks",
				);
				PRODUCT_BUNDLE_IDENTIFIER = Atlas.AudioTestTests;
				PRODUCT_NAME = "$(TARGET_NAME)";
				SWIFT_VERSION = 5.0;
				TARGETED_DEVICE_FAMILY = "1,2";
				TEST_HOST = "$(BUILT_PRODUCTS_DIR)/AudioTest.app/AudioTest";
			};
			name = Debug;
		};
		BA0467E22642161C00156AB5 /* Release */ = {
			isa = XCBuildConfiguration;
			buildSettings = {
				ALWAYS_EMBED_SWIFT_STANDARD_LIBRARIES = YES;
				BUNDLE_LOADER = "$(TEST_HOST)";
				CODE_SIGN_STYLE = Automatic;
				DEVELOPMENT_TEAM = 642D24FH73;
				INFOPLIST_FILE = AudioTestTests/Info.plist;
				IPHONEOS_DEPLOYMENT_TARGET = 14.0;
				LD_RUNPATH_SEARCH_PATHS = (
					"$(inherited)",
					"@executable_path/Frameworks",
					"@loader_path/Frameworks",
				);
				PRODUCT_BUNDLE_IDENTIFIER = Atlas.AudioTestTests;
				PRODUCT_NAME = "$(TARGET_NAME)";
				SWIFT_VERSION = 5.0;
				TARGETED_DEVICE_FAMILY = "1,2";
				TEST_HOST = "$(BUILT_PRODUCTS_DIR)/AudioTest.app/AudioTest";
			};
			name = Release;
		};
		BA0467E42642161C00156AB5 /* Debug */ = {
			isa = XCBuildConfiguration;
			buildSettings = {
				ALWAYS_EMBED_SWIFT_STANDARD_LIBRARIES = YES;
				CODE_SIGN_STYLE = Automatic;
				DEVELOPMENT_TEAM = 642D24FH73;
				INFOPLIST_FILE = AudioTestUITests/Info.plist;
				LD_RUNPATH_SEARCH_PATHS = (
					"$(inherited)",
					"@executable_path/Frameworks",
					"@loader_path/Frameworks",
				);
				PRODUCT_BUNDLE_IDENTIFIER = Atlas.AudioTestUITests;
				PRODUCT_NAME = "$(TARGET_NAME)";
				SWIFT_VERSION = 5.0;
				TARGETED_DEVICE_FAMILY = "1,2";
				TEST_TARGET_NAME = AudioTest;
			};
			name = Debug;
		};
		BA0467E52642161C00156AB5 /* Release */ = {
			isa = XCBuildConfiguration;
			buildSettings = {
				ALWAYS_EMBED_SWIFT_STANDARD_LIBRARIES = YES;
				CODE_SIGN_STYLE = Automatic;
				DEVELOPMENT_TEAM = 642D24FH73;
				INFOPLIST_FILE = AudioTestUITests/Info.plist;
				LD_RUNPATH_SEARCH_PATHS = (
					"$(inherited)",
					"@executable_path/Frameworks",
					"@loader_path/Frameworks",
				);
				PRODUCT_BUNDLE_IDENTIFIER = Atlas.AudioTestUITests;
				PRODUCT_NAME = "$(TARGET_NAME)";
				SWIFT_VERSION = 5.0;
				TARGETED_DEVICE_FAMILY = "1,2";
				TEST_TARGET_NAME = AudioTest;
			};
			name = Release;
		};
/* End XCBuildConfiguration section */

/* Begin XCConfigurationList section */
		BA0467AE2642161A00156AB5 /* Build configuration list for PBXProject "AudioTest" */ = {
			isa = XCConfigurationList;
			buildConfigurations = (
				BA0467DB2642161C00156AB5 /* Debug */,
				BA0467DC2642161C00156AB5 /* Release */,
			);
			defaultConfigurationIsVisible = 0;
			defaultConfigurationName = Release;
		};
		BA0467DD2642161C00156AB5 /* Build configuration list for PBXNativeTarget "AudioTest" */ = {
			isa = XCConfigurationList;
			buildConfigurations = (
				BA0467DE2642161C00156AB5 /* Debug */,
				BA0467DF2642161C00156AB5 /* Release */,
			);
			defaultConfigurationIsVisible = 0;
			defaultConfigurationName = Release;
		};
		BA0467E02642161C00156AB5 /* Build configuration list for PBXNativeTarget "AudioTestTests" */ = {
			isa = XCConfigurationList;
			buildConfigurations = (
				BA0467E12642161C00156AB5 /* Debug */,
				BA0467E22642161C00156AB5 /* Release */,
			);
			defaultConfigurationIsVisible = 0;
			defaultConfigurationName = Release;
		};
		BA0467E32642161C00156AB5 /* Build configuration list for PBXNativeTarget "AudioTestUITests" */ = {
			isa = XCConfigurationList;
			buildConfigurations = (
				BA0467E42642161C00156AB5 /* Debug */,
				BA0467E52642161C00156AB5 /* Release */,
			);
			defaultConfigurationIsVisible = 0;
			defaultConfigurationName = Release;
		};
/* End XCConfigurationList section */

/* Begin XCVersionGroup section */
		BA0467C12642161C00156AB5 /* AudioTest.xcdatamodeld */ = {
			isa = XCVersionGroup;
			children = (
				BA0467C22642161C00156AB5 /* AudioTest.xcdatamodel */,
			);
			currentVersion = BA0467C22642161C00156AB5 /* AudioTest.xcdatamodel */;
			path = AudioTest.xcdatamodeld;
			sourceTree = "<group>";
			versionGroupType = wrapper.xcdatamodel;
		};
/* End XCVersionGroup section */
	};
	rootObject = BA0467AB2642161A00156AB5 /* Project object */;
}
